
Microsoft Visual Studio Solution File, Format Version 12.00
# Visual Studio Version 17
VisualStudioVersion = 17.12.35707.178 d17.12
MinimumVisualStudioVersion = 10.0.40219.1
Project("{FAE04EC0-301F-11D3-BF4B-00C04F79EFBC}") = "Program.cs", "Program.cs\Program.cs.csproj", "{BAD459FB-817E-4516-83C9-7E5D1635F24B}"
EndProject
Global
	GlobalSection(SolutionConfigurationPlatforms) = preSolution
		Debug|Any CPU = Debug|Any CPU
		Release|Any CPU = Release|Any CPU
	EndGlobalSection
	GlobalSection(ProjectConfigurationPlatforms) = postSolution
		{BAD459FB-817E-4516-83C9-7E5D1635F24B}.Debug|Any CPU.ActiveCfg = Debug|Any CPU
		{BAD459FB-817E-4516-83C9-7E5D1635F24B}.Debug|Any CPU.Build.0 = Debug|Any CPU
		{BAD459FB-817E-4516-83C9-7E5D1635F24B}.Release|Any CPU.ActiveCfg = Release|Any CPU
		{BAD459FB-817E-4516-83C9-7E5D1635F24B}.Release|Any CPU.Build.0 = Release|Any CPU
	EndGlobalSection
	GlobalSection(SolutionProperties) = preSolution
		HideSolutionNode = FALSE
	EndGlobalSection
EndGlobal
